{
    "_meta": {
        "hash": {
            "sha256": "7e585dd78bfb1f1ea165ed66a83eaf26c41c009e85f719283736a430721ce6f1"
        },
        "pipfile-spec": 6,
        "requires": {
            "python_version": "3.11"
        },
        "sources": [
            {
                "name": "pypi",
                "url": "https://pypi.org/simple",
                "verify_ssl": true
            }
        ]
    },
    "default": {
        "confluent-kafka": {
            "hashes": [
                "sha256:0101be4b6037ad5a49f71c749bfd9f24e82607774f5fb4424c4dee6bf39a302d",
                "sha256:01a0429cac8fe38db49ebb9bda335b0c77f14455da72ccf351d49a51c1bd00a5",
                "sha256:26b2291694a300b7ff00b46eda835a06b124b4878527d32277d42ca39ee95dd9",
                "sha256:27cc33a0c47f167db81b4f46d9e1c59582d9bfd8b3c21129a2ee400f5c93844e",
                "sha256:2b978c407de4f63cf06e659afaae4c14919e665c80e3a65ff3479bb4d42c1ef4",
                "sha256:32481cd6b21365d8f32c938f56e18da82f4db194a07be9ffa40f1362970252d8",
                "sha256:38d23cf3f428451fc14c18aa53f5f3f1a37c7d89c44bfaf2862b3d6a5068e45c",
                "sha256:44db20eab0bb8845621a1825fb374909d31a83c0db8224a434e60eba855a6e8f",
                "sha256:47eb23e1639f42bcdf998f5cd2f5989f16cf5ba2595ec84951ae55179804baae",
                "sha256:53b5233f06e5a9d23e393fe40d72ad1fdb7ea2ee0f19e0b0861abebd1f4baf9c",
                "sha256:5a50bfcd24f9dcf34b986f837f80126a71087364d44fcb8b45e8e74080fb6e98",
                "sha256:5ab3c7f449db057301545a14c52c4fffc400139067ebf9970c453bfd04d9bfa1",
                "sha256:689bedd3c5ffaabc4d1bb70c3b166932b019c3e99493493b7118d84cfad62969",
                "sha256:6e36dac6a20a3634ae2c4ec167dbb49c51ea7d4ce11c2deee971237d8d874566",
                "sha256:82ec5302cf7c9ea06d556ed8e8ea8422d2a60035b607d64579ca63663276fe9b",
                "sha256:8639850b97e199db5c968d01887e0f173c1d3763f851098a64a57e6db06d1d19",
                "sha256:90bff1e56f1c382583dafb316bb5171e10659d3eaffcb477f28fa13a6f36fe04",
                "sha256:938e1ec9abdc6104faad07732521960c61644362b43a0af5cd7f149516dc9bd5",
                "sha256:9a85f84483465c302da8c7432078f310e5aa748bb5767f71d5a50c3b4fce8004",
                "sha256:a32dc7ee8dbf9138f689ab20612f2c5ddaa490afbf9c066c7da2009c1f184a4e",
                "sha256:aa9ecf654cac27cf3dbd234c5109ddf25bf34a581c6fd91a2ad3521f5cb4ff98",
                "sha256:adc98ecfbb2a41a234c72043c0ca46c941d5da61900d998f14f29a30baa2e688",
                "sha256:b3065064a86b4494c8c94eff9968845461918a2bc89e5a800a2920f722ed2cb1",
                "sha256:bb6a0ac890fc35a2dd6435833cbdc2b81a18a5e0b45640fd0f5fc9f240095a77",
                "sha256:bd31a1657e134b02b7ecf2483fc6df82ccbb20f08e8a0fb9dc66a1a2b0072a7a",
                "sha256:bd9ebfd7b47105d1f3981944d47307c10c9fd1fd0b2044904ccdc7c2b8adb75a",
                "sha256:c0618ef7f3f70d80a5d2ee94241dde8e59419ea52f003f18ac310135b04b6e4a",
                "sha256:c1019f488ceca48ebc333e3df32a72d6a69fece7ad1a09f1e23868c18967669b",
                "sha256:d04f69f6c269ccf6ec1a2ec327edf977a06e790f631ede18511093c1fe598fef",
                "sha256:d0abde08fc133cfe6667226472518c6afbb80e083090c441c4ae4cddcd8ed921",
                "sha256:d35f5c5b84f6803eb7e974802577aa3a317bd9e44a438c7bd4074b56098467f2",
                "sha256:de9dece5803e6b58d8c101cbceb90fa55ca96e0a5f40f10483a4c8f5f4027a69",
                "sha256:e238e2b4be85a17c72487872facf2e40ee24acbf85359572a3885d3a71edfe39",
                "sha256:e888667c607741af5e4b36014d215c4ad2f214646e3da777505e4cf383ac5375",
                "sha256:eed1b0e540204c52d0ab40d621c371f52044a788b542f6e28a7756fd8f7a1029",
                "sha256:ef411221bfdaffae944156826965b9a08777a5dff66d765a23108f7d6774706f",
                "sha256:f189203de0200b986e2243215e052e787d8a426d92df815c440b76150da5b194",
                "sha256:f26e107597cacb28b6d3333942b665dcb5a3838a1bc2d7b979c4486d22320d0f",
                "sha256:f3b4561a0479e8c2c8abe344c5bf96d127873f80b9710fc089a152c1ff2e2e76",
                "sha256:f62dc98e2059cde47b60eadc80904eaf59f88b283330d3fd93d69b1ac3d75496"
            ],
            "index": "pypi",
            "markers": "python_version >= '3.8'",
            "version": "==2.12.2"
        }
    },
    "develop": {}
}
